Microsoft Visual Studio Solution File, Format Version 8.00
Project("{FAE04EC0-301F-11D3-BF4B-00C04F79EFBC}") = "RegExTester", "RegExTester.csproj", "{33AA191A-9F36-49BE-8525-9CCF4C510334}"
	ProjectSection(ProjectDependencies) = postProject
	EndProjectSection
EndProject
Global
	GlobalSection(SourceCodeControl) = preSolution
		SccNumberOfProjects = 2
		SccLocalPath0 = .
		CanCheckoutShared = false
		SolutionUniqueID = {CCBD7C21-F7AF-4B95-9B87-E12B1E3131B0}
		SccProjectUniqueName1 = RegExTester.csproj
		SccLocalPath1 = .
		CanCheckoutShared = false
	EndGlobalSection
	GlobalSection(SolutionConfiguration) = preSolution
		Debug = Debug
		Release = Release
	EndGlobalSection
	GlobalSection(ProjectConfiguration) = postSolution
		{33AA191A-9F36-49BE-8525-9CCF4C510334}.Debug.ActiveCfg = Debug|.NET
		{33AA191A-9F36-49BE-8525-9CCF4C510334}.Debug.Build.0 = Debug|.NET
		{33AA191A-9F36-49BE-8525-9CCF4C510334}.Release.ActiveCfg = Release|.NET
		{33AA191A-9F36-49BE-8525-9CCF4C510334}.Release.Build.0 = Release|.NET
	EndGlobalSection
	GlobalSection(ExtensibilityGlobals) = postSolution
	EndGlobalSection
	GlobalSection(ExtensibilityAddIns) = postSolution
	EndGlobalSection
EndGlobal
